
Microsoft Visual Studio Solution File, Format Version 12.00
# Visual Studio Version 17
VisualStudioVersion = 17.12.35527.113
MinimumVisualStudioVersion = 10.0.40219.1
Project("{FAE04EC0-301F-11D3-BF4B-00C04F79EFBC}") = "JobPortal.API", "JobPortal.API\JobPortal.API.csproj", "{44F70594-8A94-40C6-9F5D-8EDE4DBFE545}"
EndProject
Project("{FAE04EC0-301F-11D3-BF4B-00C04F79EFBC}") = "JobPortal.Application", "..\JobPortal.Application\JobPortal.Application.csproj", "{CC091464-8A92-4B56-BC37-68F05E3961CA}"
EndProject
Project("{FAE04EC0-301F-11D3-BF4B-00C04F79EFBC}") = "JobPortal.Domain", "..\JobPortal.Domain\JobPortal.Domain.csproj", "{5C12CD81-285C-4CC2-B2D1-91243EA203C2}"
EndProject
Project("{FAE04EC0-301F-11D3-BF4B-00C04F79EFBC}") = "JobPortal.Infrastructure", "..\JobPortal.Infrastructure\JobPortal.Infrastructure.csproj", "{D48F338D-7FDD-4665-9C36-F7282A25A4DD}"
EndProject
Global
	GlobalSection(SolutionConfigurationPlatforms) = preSolution
		Debug|Any CPU = Debug|Any CPU
		Release|Any CPU = Release|Any CPU
	EndGlobalSection
	GlobalSection(ProjectConfigurationPlatforms) = postSolution
		{44F70594-8A94-40C6-9F5D-8EDE4DBFE545}.Debug|Any CPU.ActiveCfg = Debug|Any CPU
		{44F70594-8A94-40C6-9F5D-8EDE4DBFE545}.Debug|Any CPU.Build.0 = Debug|Any CPU
		{44F70594-8A94-40C6-9F5D-8EDE4DBFE545}.Release|Any CPU.ActiveCfg = Release|Any CPU
		{44F70594-8A94-40C6-9F5D-8EDE4DBFE545}.Release|Any CPU.Build.0 = Release|Any CPU
		{CC091464-8A92-4B56-BC37-68F05E3961CA}.Debug|Any CPU.ActiveCfg = Debug|Any CPU
		{CC091464-8A92-4B56-BC37-68F05E3961CA}.Debug|Any CPU.Build.0 = Debug|Any CPU
		{CC091464-8A92-4B56-BC37-68F05E3961CA}.Release|Any CPU.ActiveCfg = Release|Any CPU
		{CC091464-8A92-4B56-BC37-68F05E3961CA}.Release|Any CPU.Build.0 = Release|Any CPU
		{5C12CD81-285C-4CC2-B2D1-91243EA203C2}.Debug|Any CPU.ActiveCfg = Debug|Any CPU
		{5C12CD81-285C-4CC2-B2D1-91243EA203C2}.Debug|Any CPU.Build.0 = Debug|Any CPU
		{5C12CD81-285C-4CC2-B2D1-91243EA203C2}.Release|Any CPU.ActiveCfg = Release|Any CPU
		{5C12CD81-285C-4CC2-B2D1-91243EA203C2}.Release|Any CPU.Build.0 = Release|Any CPU
		{D48F338D-7FDD-4665-9C36-F7282A25A4DD}.Debug|Any CPU.ActiveCfg = Debug|Any CPU
		{D48F338D-7FDD-4665-9C36-F7282A25A4DD}.Debug|Any CPU.Build.0 = Debug|Any CPU
		{D48F338D-7FDD-4665-9C36-F7282A25A4DD}.Release|Any CPU.ActiveCfg = Release|Any CPU
		{D48F338D-7FDD-4665-9C36-F7282A25A4DD}.Release|Any CPU.Build.0 = Release|Any CPU
	EndGlobalSection
	GlobalSection(SolutionProperties) = preSolution
		HideSolutionNode = FALSE
	EndGlobalSection
EndGlobal
